
Microsoft Visual Studio Solution File, Format Version 12.00
# Visual Studio Version 17
VisualStudioVersion = 17.6.33815.320
MinimumVisualStudioVersion = 10.0.40219.1
Project("{2150E333-8FDC-42A3-9474-1A3956D46DE8}") = "src", "src", "{B8CF570E-A494-42F7-8106-355A35590F8D}"
EndProject
Project("{2150E333-8FDC-42A3-9474-1A3956D46DE8}") = "Component", "Component", "{83875ECE-3D77-4A53-A213-43B7C8AA2868}"
EndProject
Project("{2150E333-8FDC-42A3-9474-1A3956D46DE8}") = "Framework", "Framework", "{6D5580E3-68BE-440C-AF8D-3C2FD33941BD}"
EndProject
Project("{2150E333-8FDC-42A3-9474-1A3956D46DE8}") = "Manager", "Manager", "{69E7370D-B3BA-43BA-8783-F4B8DA7351FF}"
EndProject
Project("{2150E333-8FDC-42A3-9474-1A3956D46DE8}") = "Membership", "Membership", "{D35C4CCF-1CC2-4242-A7AB-582FFC658910}"
EndProject
Project("{9A19103F-16F7-4668-BE54-9A1E7A4F7556}") = "Company.Manager.Membership.Interface", "src\Company.Manager.Membership.Interface\Company.Manager.Membership.Interface.csproj", "{2D820668-BC81-40E3-AFE0-2F17DD0E8813}"
EndProject
Project("{2150E333-8FDC-42A3-9474-1A3956D46DE8}") = "Common", "Common", "{C46E0351-D459-460A-BF3B-00B083E78CDA}"
EndProject
Project("{9A19103F-16F7-4668-BE54-9A1E7A4F7556}") = "Company.Common.Data", "src\Company.Common.Data\Company.Common.Data.csproj", "{2FD3CFD1-34BE-4339-BB3A-7F1EF7DEFD0D}"
EndProject
Project("{9A19103F-16F7-4668-BE54-9A1E7A4F7556}") = "Company.iFX.Common", "src\Company.iFX.Common\Company.iFX.Common.csproj", "{6617EF8E-2941-41A3-9BC3-BB470C2157AC}"
EndProject
Project("{2150E333-8FDC-42A3-9474-1A3956D46DE8}") = "test", "test", "{2BFE826E-942D-4211-82D7-C54ABC2FBA2B}"
EndProject
Project("{2150E333-8FDC-42A3-9474-1A3956D46DE8}") = "Microservice", "Microservice", "{D982B38C-AD84-4F1C-9F55-43B903541A84}"
EndProject
Project("{2150E333-8FDC-42A3-9474-1A3956D46DE8}") = "Membership", "Membership", "{793AEADE-D132-4FDF-BC7E-D32E24F85931}"
EndProject
Project("{9A19103F-16F7-4668-BE54-9A1E7A4F7556}") = "Company.Microservice.Membership", "src\Company.Microservice.Membership\Company.Microservice.Membership.csproj", "{B0E11537-AC4E-4D43-B5B4-CB1D7A1C0A96}"
EndProject
Project("{9A19103F-16F7-4668-BE54-9A1E7A4F7556}") = "Company.Manager.Membership.Data", "src\Company.Manager.Membership.Data\Company.Manager.Membership.Data.csproj", "{B9920D40-51ED-4978-B2AD-29778E6EF4FB}"
EndProject
Project("{9A19103F-16F7-4668-BE54-9A1E7A4F7556}") = "Company.Manager.Membership.Impl", "src\Company.Manager.Membership.Impl\Company.Manager.Membership.Impl.csproj", "{AF69E861-FD89-47D7-B1DE-FE0E7F6EC29D}"
EndProject
Project("{9A19103F-16F7-4668-BE54-9A1E7A4F7556}") = "Company.iFX.Api", "src\Company.iFX.Api\Company.iFX.Api.csproj", "{EF1BC084-E35A-4F80-A6F0-4F38BBC46CFA}"
EndProject
Project("{9A19103F-16F7-4668-BE54-9A1E7A4F7556}") = "Company.iFX.Configuration", "src\Company.iFX.Configuration\Company.iFX.Configuration.csproj", "{56587C29-E7A9-41EA-99E2-5B62D9FEE20D}"
EndProject
Project("{9A19103F-16F7-4668-BE54-9A1E7A4F7556}") = "Company.iFX.Container", "src\Company.iFX.Container\Company.iFX.Container.csproj", "{A4D7629F-A30F-4F6A-93EA-28432966E341}"
EndProject
Project("{9A19103F-16F7-4668-BE54-9A1E7A4F7556}") = "Company.iFX.Proxy", "src\Company.iFX.Proxy\Company.iFX.Proxy.csproj", "{B76737FB-0FE8-4208-927A-D1B1306C2EC1}"
EndProject
Project("{9A19103F-16F7-4668-BE54-9A1E7A4F7556}") = "Company.iFX.Logging", "src\Company.iFX.Logging\Company.iFX.Logging.csproj", "{9DBA7E7A-FA7B-416B-AE86-4908DE8C1192}"
EndProject
Project("{9A19103F-16F7-4668-BE54-9A1E7A4F7556}") = "Company.iFX.Hosting", "src\Company.iFX.Hosting\Company.iFX.Hosting.csproj", "{92685F6E-92E6-4AFC-8A2C-5A90933A016F}"
EndProject
Project("{9A19103F-16F7-4668-BE54-9A1E7A4F7556}") = "Company.Microservice.Membership.Data", "src\Company.Microservice.Membership.Data\Company.Microservice.Membership.Data.csproj", "{5F1A65A4-224C-40A6-AA10-64FFBEDFBAA9}"
EndProject
Project("{2150E333-8FDC-42A3-9474-1A3956D46DE8}") = "Engine", "Engine", "{5268DDEA-592A-4732-82E7-5F71C58D8910}"
EndProject
Project("{2150E333-8FDC-42A3-9474-1A3956D46DE8}") = "Access", "Access", "{6930E004-89B6-4715-BE7D-B4B302D29F22}"
EndProject
Project("{2150E333-8FDC-42A3-9474-1A3956D46DE8}") = "Registration", "Registration", "{00F5E3FD-348F-41FE-9443-ABB7195B3F04}"
EndProject
Project("{9A19103F-16F7-4668-BE54-9A1E7A4F7556}") = "Company.Engine.Registration.Interface", "src\Company.Engine.Registration.Interface\Company.Engine.Registration.Interface.csproj", "{FF4B4C41-C283-46E1-A13E-25FB83B47066}"
EndProject
Project("{9A19103F-16F7-4668-BE54-9A1E7A4F7556}") = "Company.Engine.Registration.Impl", "src\Company.Engine.Registration.Impl\Company.Engine.Registration.Impl.csproj", "{314FC7E2-324F-4CFB-A23B-8BB5ADCB9B95}"
EndProject
Project("{9A19103F-16F7-4668-BE54-9A1E7A4F7556}") = "Company.Engine.Registration.Data", "src\Company.Engine.Registration.Data\Company.Engine.Registration.Data.csproj", "{2033285B-84EC-4B21-819A-049C3CC9446B}"
EndProject
Project("{9A19103F-16F7-4668-BE54-9A1E7A4F7556}") = "Company.Engine.Registration.Service", "src\Company.Engine.Registration.Service\Company.Engine.Registration.Service.csproj", "{041A1E50-2854-43D9-A42B-AB8B0CB6376A}"
EndProject
Project("{9A19103F-16F7-4668-BE54-9A1E7A4F7556}") = "Company.Manager.Membership.Service", "src\Company.Manager.Membership.Service\Company.Manager.Membership.Service.csproj", "{7D7B35DF-12C3-4C33-BADC-651E80C59E77}"
EndProject
Project("{9A19103F-16F7-4668-BE54-9A1E7A4F7556}") = "Company.Microservice.Membership.Service", "src\Company.Microservice.Membership.Service\Company.Microservice.Membership.Service.csproj", "{8E7F207B-E9CD-4FCA-969A-CEEE5732F6E4}"
EndProject
Project("{9A19103F-16F7-4668-BE54-9A1E7A4F7556}") = "Company.iFX.Grpc", "src\Company.iFX.Grpc\Company.iFX.Grpc.csproj", "{9E32C2BC-4D33-4D5E-AF6D-909B1790D20D}"
EndProject
Project("{FAE04EC0-301F-11D3-BF4B-00C04F79EFBC}") = "Company.iFX.Dapr", "src\Company.iFX.Dapr\Company.iFX.Dapr.csproj", "{9A1ED6D2-A14B-4FC8-A996-F32311A7F116}"
EndProject
Project("{FAE04EC0-301F-11D3-BF4B-00C04F79EFBC}") = "Company.Access.User.Data", "src\Company.Access.User.Data\Company.Access.User.Data.csproj", "{209549E1-3B22-43EC-B43D-7C2B5A246AFE}"
EndProject
Project("{FAE04EC0-301F-11D3-BF4B-00C04F79EFBC}") = "Company.Access.User.Interface", "src\Company.Access.User.Interface\Company.Access.User.Interface.csproj", "{B387077A-8350-41DC-B86E-86E982CB7D82}"
EndProject
Project("{FAE04EC0-301F-11D3-BF4B-00C04F79EFBC}") = "Company.Access.User.Impl", "src\Company.Access.User.Impl\Company.Access.User.Impl.csproj", "{FC42B5E3-E9CA-4B24-A60B-8E06EB8AAF92}"
EndProject
Project("{2150E333-8FDC-42A3-9474-1A3956D46DE8}") = "User", "User", "{71A98757-0E76-48F4-8772-C1421D3BCCF1}"
EndProject
Project("{FAE04EC0-301F-11D3-BF4B-00C04F79EFBC}") = "Company.Access.User.Service", "src\Company.Access.User.Service\Company.Access.User.Service.csproj", "{C45B5D98-46F9-4A4C-BF39-045334AE9779}"
EndProject
Project("{2150E333-8FDC-42A3-9474-1A3956D46DE8}") = "Framework", "Framework", "{2B8073C3-1FA8-4B05-B53C-CCD13264A1DF}"
EndProject
Project("{FAE04EC0-301F-11D3-BF4B-00C04F79EFBC}") = "Company.iFX.Configuration.Test", "test\Company.iFX.Configuration.Test\Company.iFX.Configuration.Test.csproj", "{2E71BFD5-0BF5-4607-9A39-BD1A372FB8AC}"
EndProject
Global
	GlobalSection(SolutionConfigurationPlatforms) = preSolution
		Debug|Any CPU = Debug|Any CPU
		Release|Any CPU = Release|Any CPU
	EndGlobalSection
	GlobalSection(ProjectConfigurationPlatforms) = postSolution
		{2D820668-BC81-40E3-AFE0-2F17DD0E8813}.Debug|Any CPU.ActiveCfg = Debug|Any CPU
		{2D820668-BC81-40E3-AFE0-2F17DD0E8813}.Debug|Any CPU.Build.0 = Debug|Any CPU
		{2D820668-BC81-40E3-AFE0-2F17DD0E8813}.Release|Any CPU.ActiveCfg = Release|Any CPU
		{2D820668-BC81-40E3-AFE0-2F17DD0E8813}.Release|Any CPU.Build.0 = Release|Any CPU
		{2FD3CFD1-34BE-4339-BB3A-7F1EF7DEFD0D}.Debug|Any CPU.ActiveCfg = Debug|Any CPU
		{2FD3CFD1-34BE-4339-BB3A-7F1EF7DEFD0D}.Debug|Any CPU.Build.0 = Debug|Any CPU
		{2FD3CFD1-34BE-4339-BB3A-7F1EF7DEFD0D}.Release|Any CPU.ActiveCfg = Release|Any CPU
		{2FD3CFD1-34BE-4339-BB3A-7F1EF7DEFD0D}.Release|Any CPU.Build.0 = Release|Any CPU
		{6617EF8E-2941-41A3-9BC3-BB470C2157AC}.Debug|Any CPU.ActiveCfg = Debug|Any CPU
		{6617EF8E-2941-41A3-9BC3-BB470C2157AC}.Debug|Any CPU.Build.0 = Debug|Any CPU
		{6617EF8E-2941-41A3-9BC3-BB470C2157AC}.Release|Any CPU.ActiveCfg = Release|Any CPU
		{6617EF8E-2941-41A3-9BC3-BB470C2157AC}.Release|Any CPU.Build.0 = Release|Any CPU
		{B0E11537-AC4E-4D43-B5B4-CB1D7A1C0A96}.Debug|Any CPU.ActiveCfg = Debug|Any CPU
		{B0E11537-AC4E-4D43-B5B4-CB1D7A1C0A96}.Debug|Any CPU.Build.0 = Debug|Any CPU
		{B0E11537-AC4E-4D43-B5B4-CB1D7A1C0A96}.Release|Any CPU.ActiveCfg = Release|Any CPU
		{B0E11537-AC4E-4D43-B5B4-CB1D7A1C0A96}.Release|Any CPU.Build.0 = Release|Any CPU
		{B9920D40-51ED-4978-B2AD-29778E6EF4FB}.Debug|Any CPU.ActiveCfg = Debug|Any CPU
		{B9920D40-51ED-4978-B2AD-29778E6EF4FB}.Debug|Any CPU.Build.0 = Debug|Any CPU
		{B9920D40-51ED-4978-B2AD-29778E6EF4FB}.Release|Any CPU.ActiveCfg = Release|Any CPU
		{B9920D40-51ED-4978-B2AD-29778E6EF4FB}.Release|Any CPU.Build.0 = Release|Any CPU
		{AF69E861-FD89-47D7-B1DE-FE0E7F6EC29D}.Debug|Any CPU.ActiveCfg = Debug|Any CPU
		{AF69E861-FD89-47D7-B1DE-FE0E7F6EC29D}.Debug|Any CPU.Build.0 = Debug|Any CPU
		{AF69E861-FD89-47D7-B1DE-FE0E7F6EC29D}.Release|Any CPU.ActiveCfg = Release|Any CPU
		{AF69E861-FD89-47D7-B1DE-FE0E7F6EC29D}.Release|Any CPU.Build.0 = Release|Any CPU
		{EF1BC084-E35A-4F80-A6F0-4F38BBC46CFA}.Debug|Any CPU.ActiveCfg = Debug|Any CPU
		{EF1BC084-E35A-4F80-A6F0-4F38BBC46CFA}.Debug|Any CPU.Build.0 = Debug|Any CPU
		{EF1BC084-E35A-4F80-A6F0-4F38BBC46CFA}.Release|Any CPU.ActiveCfg = Release|Any CPU
		{EF1BC084-E35A-4F80-A6F0-4F38BBC46CFA}.Release|Any CPU.Build.0 = Release|Any CPU
		{56587C29-E7A9-41EA-99E2-5B62D9FEE20D}.Debug|Any CPU.ActiveCfg = Debug|Any CPU
		{56587C29-E7A9-41EA-99E2-5B62D9FEE20D}.Debug|Any CPU.Build.0 = Debug|Any CPU
		{56587C29-E7A9-41EA-99E2-5B62D9FEE20D}.Release|Any CPU.ActiveCfg = Release|Any CPU
		{56587C29-E7A9-41EA-99E2-5B62D9FEE20D}.Release|Any CPU.Build.0 = Release|Any CPU
		{A4D7629F-A30F-4F6A-93EA-28432966E341}.Debug|Any CPU.ActiveCfg = Debug|Any CPU
		{A4D7629F-A30F-4F6A-93EA-28432966E341}.Debug|Any CPU.Build.0 = Debug|Any CPU
		{A4D7629F-A30F-4F6A-93EA-28432966E341}.Release|Any CPU.ActiveCfg = Release|Any CPU
		{A4D7629F-A30F-4F6A-93EA-28432966E341}.Release|Any CPU.Build.0 = Release|Any CPU
		{B76737FB-0FE8-4208-927A-D1B1306C2EC1}.Debug|Any CPU.ActiveCfg = Debug|Any CPU
		{B76737FB-0FE8-4208-927A-D1B1306C2EC1}.Debug|Any CPU.Build.0 = Debug|Any CPU
		{B76737FB-0FE8-4208-927A-D1B1306C2EC1}.Release|Any CPU.ActiveCfg = Release|Any CPU
		{B76737FB-0FE8-4208-927A-D1B1306C2EC1}.Release|Any CPU.Build.0 = Release|Any CPU
		{9DBA7E7A-FA7B-416B-AE86-4908DE8C1192}.Debug|Any CPU.ActiveCfg = Debug|Any CPU
		{9DBA7E7A-FA7B-416B-AE86-4908DE8C1192}.Debug|Any CPU.Build.0 = Debug|Any CPU
		{9DBA7E7A-FA7B-416B-AE86-4908DE8C1192}.Release|Any CPU.ActiveCfg = Release|Any CPU
		{9DBA7E7A-FA7B-416B-AE86-4908DE8C1192}.Release|Any CPU.Build.0 = Release|Any CPU
		{92685F6E-92E6-4AFC-8A2C-5A90933A016F}.Debug|Any CPU.ActiveCfg = Debug|Any CPU
		{92685F6E-92E6-4AFC-8A2C-5A90933A016F}.Debug|Any CPU.Build.0 = Debug|Any CPU
		{92685F6E-92E6-4AFC-8A2C-5A90933A016F}.Release|Any CPU.ActiveCfg = Release|Any CPU
		{92685F6E-92E6-4AFC-8A2C-5A90933A016F}.Release|Any CPU.Build.0 = Release|Any CPU
		{5F1A65A4-224C-40A6-AA10-64FFBEDFBAA9}.Debug|Any CPU.ActiveCfg = Debug|Any CPU
		{5F1A65A4-224C-40A6-AA10-64FFBEDFBAA9}.Debug|Any CPU.Build.0 = Debug|Any CPU
		{5F1A65A4-224C-40A6-AA10-64FFBEDFBAA9}.Release|Any CPU.ActiveCfg = Release|Any CPU
		{5F1A65A4-224C-40A6-AA10-64FFBEDFBAA9}.Release|Any CPU.Build.0 = Release|Any CPU
		{FF4B4C41-C283-46E1-A13E-25FB83B47066}.Debug|Any CPU.ActiveCfg = Debug|Any CPU
		{FF4B4C41-C283-46E1-A13E-25FB83B47066}.Debug|Any CPU.Build.0 = Debug|Any CPU
		{FF4B4C41-C283-46E1-A13E-25FB83B47066}.Release|Any CPU.ActiveCfg = Release|Any CPU
		{FF4B4C41-C283-46E1-A13E-25FB83B47066}.Release|Any CPU.Build.0 = Release|Any CPU
		{314FC7E2-324F-4CFB-A23B-8BB5ADCB9B95}.Debug|Any CPU.ActiveCfg = Debug|Any CPU
		{314FC7E2-324F-4CFB-A23B-8BB5ADCB9B95}.Debug|Any CPU.Build.0 = Debug|Any CPU
		{314FC7E2-324F-4CFB-A23B-8BB5ADCB9B95}.Release|Any CPU.ActiveCfg = Release|Any CPU
		{314FC7E2-324F-4CFB-A23B-8BB5ADCB9B95}.Release|Any CPU.Build.0 = Release|Any CPU
		{2033285B-84EC-4B21-819A-049C3CC9446B}.Debug|Any CPU.ActiveCfg = Debug|Any CPU
		{2033285B-84EC-4B21-819A-049C3CC9446B}.Debug|Any CPU.Build.0 = Debug|Any CPU
		{2033285B-84EC-4B21-819A-049C3CC9446B}.Release|Any CPU.ActiveCfg = Release|Any CPU
		{2033285B-84EC-4B21-819A-049C3CC9446B}.Release|Any CPU.Build.0 = Release|Any CPU
		{041A1E50-2854-43D9-A42B-AB8B0CB6376A}.Debug|Any CPU.ActiveCfg = Debug|Any CPU
		{041A1E50-2854-43D9-A42B-AB8B0CB6376A}.Debug|Any CPU.Build.0 = Debug|Any CPU
		{041A1E50-2854-43D9-A42B-AB8B0CB6376A}.Release|Any CPU.ActiveCfg = Release|Any CPU
		{041A1E50-2854-43D9-A42B-AB8B0CB6376A}.Release|Any CPU.Build.0 = Release|Any CPU
		{7D7B35DF-12C3-4C33-BADC-651E80C59E77}.Debug|Any CPU.ActiveCfg = Debug|Any CPU
		{7D7B35DF-12C3-4C33-BADC-651E80C59E77}.Debug|Any CPU.Build.0 = Debug|Any CPU
		{7D7B35DF-12C3-4C33-BADC-651E80C59E77}.Release|Any CPU.ActiveCfg = Release|Any CPU
		{7D7B35DF-12C3-4C33-BADC-651E80C59E77}.Release|Any CPU.Build.0 = Release|Any CPU
		{8E7F207B-E9CD-4FCA-969A-CEEE5732F6E4}.Debug|Any CPU.ActiveCfg = Debug|Any CPU
		{8E7F207B-E9CD-4FCA-969A-CEEE5732F6E4}.Debug|Any CPU.Build.0 = Debug|Any CPU
		{8E7F207B-E9CD-4FCA-969A-CEEE5732F6E4}.Release|Any CPU.ActiveCfg = Release|Any CPU
		{8E7F207B-E9CD-4FCA-969A-CEEE5732F6E4}.Release|Any CPU.Build.0 = Release|Any CPU
		{9E32C2BC-4D33-4D5E-AF6D-909B1790D20D}.Debug|Any CPU.ActiveCfg = Debug|Any CPU
		{9E32C2BC-4D33-4D5E-AF6D-909B1790D20D}.Debug|Any CPU.Build.0 = Debug|Any CPU
		{9E32C2BC-4D33-4D5E-AF6D-909B1790D20D}.Release|Any CPU.ActiveCfg = Release|Any CPU
		{9E32C2BC-4D33-4D5E-AF6D-909B1790D20D}.Release|Any CPU.Build.0 = Release|Any CPU
		{9A1ED6D2-A14B-4FC8-A996-F32311A7F116}.Debug|Any CPU.ActiveCfg = Debug|Any CPU
		{9A1ED6D2-A14B-4FC8-A996-F32311A7F116}.Debug|Any CPU.Build.0 = Debug|Any CPU
		{9A1ED6D2-A14B-4FC8-A996-F32311A7F116}.Release|Any CPU.ActiveCfg = Release|Any CPU
		{9A1ED6D2-A14B-4FC8-A996-F32311A7F116}.Release|Any CPU.Build.0 = Release|Any CPU
		{209549E1-3B22-43EC-B43D-7C2B5A246AFE}.Debug|Any CPU.ActiveCfg = Debug|Any CPU
		{209549E1-3B22-43EC-B43D-7C2B5A246AFE}.Debug|Any CPU.Build.0 = Debug|Any CPU
		{209549E1-3B22-43EC-B43D-7C2B5A246AFE}.Release|Any CPU.ActiveCfg = Release|Any CPU
		{209549E1-3B22-43EC-B43D-7C2B5A246AFE}.Release|Any CPU.Build.0 = Release|Any CPU
		{B387077A-8350-41DC-B86E-86E982CB7D82}.Debug|Any CPU.ActiveCfg = Debug|Any CPU
		{B387077A-8350-41DC-B86E-86E982CB7D82}.Debug|Any CPU.Build.0 = Debug|Any CPU
		{B387077A-8350-41DC-B86E-86E982CB7D82}.Release|Any CPU.ActiveCfg = Release|Any CPU
		{B387077A-8350-41DC-B86E-86E982CB7D82}.Release|Any CPU.Build.0 = Release|Any CPU
		{FC42B5E3-E9CA-4B24-A60B-8E06EB8AAF92}.Debug|Any CPU.ActiveCfg = Debug|Any CPU
		{FC42B5E3-E9CA-4B24-A60B-8E06EB8AAF92}.Debug|Any CPU.Build.0 = Debug|Any CPU
		{FC42B5E3-E9CA-4B24-A60B-8E06EB8AAF92}.Release|Any CPU.ActiveCfg = Release|Any CPU
		{FC42B5E3-E9CA-4B24-A60B-8E06EB8AAF92}.Release|Any CPU.Build.0 = Release|Any CPU
		{C45B5D98-46F9-4A4C-BF39-045334AE9779}.Debug|Any CPU.ActiveCfg = Debug|Any CPU
		{C45B5D98-46F9-4A4C-BF39-045334AE9779}.Debug|Any CPU.Build.0 = Debug|Any CPU
		{C45B5D98-46F9-4A4C-BF39-045334AE9779}.Release|Any CPU.ActiveCfg = Release|Any CPU
		{C45B5D98-46F9-4A4C-BF39-045334AE9779}.Release|Any CPU.Build.0 = Release|Any CPU
		{2E71BFD5-0BF5-4607-9A39-BD1A372FB8AC}.Debug|Any CPU.ActiveCfg = Debug|Any CPU
		{2E71BFD5-0BF5-4607-9A39-BD1A372FB8AC}.Debug|Any CPU.Build.0 = Debug|Any CPU
		{2E71BFD5-0BF5-4607-9A39-BD1A372FB8AC}.Release|Any CPU.ActiveCfg = Release|Any CPU
		{2E71BFD5-0BF5-4607-9A39-BD1A372FB8AC}.Release|Any CPU.Build.0 = Release|Any CPU
	EndGlobalSection
	GlobalSection(SolutionProperties) = preSolution
		HideSolutionNode = FALSE
	EndGlobalSection
	GlobalSection(NestedProjects) = preSolution
		{83875ECE-3D77-4A53-A213-43B7C8AA2868} = {B8CF570E-A494-42F7-8106-355A35590F8D}
		{6D5580E3-68BE-440C-AF8D-3C2FD33941BD} = {B8CF570E-A494-42F7-8106-355A35590F8D}
		{69E7370D-B3BA-43BA-8783-F4B8DA7351FF} = {83875ECE-3D77-4A53-A213-43B7C8AA2868}
		{D35C4CCF-1CC2-4242-A7AB-582FFC658910} = {69E7370D-B3BA-43BA-8783-F4B8DA7351FF}
		{2D820668-BC81-40E3-AFE0-2F17DD0E8813} = {D35C4CCF-1CC2-4242-A7AB-582FFC658910}
		{C46E0351-D459-460A-BF3B-00B083E78CDA} = {83875ECE-3D77-4A53-A213-43B7C8AA2868}
		{2FD3CFD1-34BE-4339-BB3A-7F1EF7DEFD0D} = {C46E0351-D459-460A-BF3B-00B083E78CDA}
		{6617EF8E-2941-41A3-9BC3-BB470C2157AC} = {6D5580E3-68BE-440C-AF8D-3C2FD33941BD}
		{D982B38C-AD84-4F1C-9F55-43B903541A84} = {B8CF570E-A494-42F7-8106-355A35590F8D}
		{793AEADE-D132-4FDF-BC7E-D32E24F85931} = {D982B38C-AD84-4F1C-9F55-43B903541A84}
		{B0E11537-AC4E-4D43-B5B4-CB1D7A1C0A96} = {793AEADE-D132-4FDF-BC7E-D32E24F85931}
		{B9920D40-51ED-4978-B2AD-29778E6EF4FB} = {D35C4CCF-1CC2-4242-A7AB-582FFC658910}
		{AF69E861-FD89-47D7-B1DE-FE0E7F6EC29D} = {D35C4CCF-1CC2-4242-A7AB-582FFC658910}
		{EF1BC084-E35A-4F80-A6F0-4F38BBC46CFA} = {6D5580E3-68BE-440C-AF8D-3C2FD33941BD}
		{56587C29-E7A9-41EA-99E2-5B62D9FEE20D} = {6D5580E3-68BE-440C-AF8D-3C2FD33941BD}
		{A4D7629F-A30F-4F6A-93EA-28432966E341} = {6D5580E3-68BE-440C-AF8D-3C2FD33941BD}
		{B76737FB-0FE8-4208-927A-D1B1306C2EC1} = {6D5580E3-68BE-440C-AF8D-3C2FD33941BD}
		{9DBA7E7A-FA7B-416B-AE86-4908DE8C1192} = {6D5580E3-68BE-440C-AF8D-3C2FD33941BD}
		{92685F6E-92E6-4AFC-8A2C-5A90933A016F} = {6D5580E3-68BE-440C-AF8D-3C2FD33941BD}
		{5F1A65A4-224C-40A6-AA10-64FFBEDFBAA9} = {793AEADE-D132-4FDF-BC7E-D32E24F85931}
		{5268DDEA-592A-4732-82E7-5F71C58D8910} = {83875ECE-3D77-4A53-A213-43B7C8AA2868}
		{6930E004-89B6-4715-BE7D-B4B302D29F22} = {83875ECE-3D77-4A53-A213-43B7C8AA2868}
		{00F5E3FD-348F-41FE-9443-ABB7195B3F04} = {5268DDEA-592A-4732-82E7-5F71C58D8910}
		{FF4B4C41-C283-46E1-A13E-25FB83B47066} = {00F5E3FD-348F-41FE-9443-ABB7195B3F04}
		{314FC7E2-324F-4CFB-A23B-8BB5ADCB9B95} = {00F5E3FD-348F-41FE-9443-ABB7195B3F04}
		{2033285B-84EC-4B21-819A-049C3CC9446B} = {00F5E3FD-348F-41FE-9443-ABB7195B3F04}
		{041A1E50-2854-43D9-A42B-AB8B0CB6376A} = {00F5E3FD-348F-41FE-9443-ABB7195B3F04}
		{7D7B35DF-12C3-4C33-BADC-651E80C59E77} = {D35C4CCF-1CC2-4242-A7AB-582FFC658910}
		{8E7F207B-E9CD-4FCA-969A-CEEE5732F6E4} = {793AEADE-D132-4FDF-BC7E-D32E24F85931}
		{9E32C2BC-4D33-4D5E-AF6D-909B1790D20D} = {6D5580E3-68BE-440C-AF8D-3C2FD33941BD}
		{9A1ED6D2-A14B-4FC8-A996-F32311A7F116} = {6D5580E3-68BE-440C-AF8D-3C2FD33941BD}
		{209549E1-3B22-43EC-B43D-7C2B5A246AFE} = {71A98757-0E76-48F4-8772-C1421D3BCCF1}
		{B387077A-8350-41DC-B86E-86E982CB7D82} = {71A98757-0E76-48F4-8772-C1421D3BCCF1}
		{FC42B5E3-E9CA-4B24-A60B-8E06EB8AAF92} = {71A98757-0E76-48F4-8772-C1421D3BCCF1}
		{71A98757-0E76-48F4-8772-C1421D3BCCF1} = {6930E004-89B6-4715-BE7D-B4B302D29F22}
		{C45B5D98-46F9-4A4C-BF39-045334AE9779} = {71A98757-0E76-48F4-8772-C1421D3BCCF1}
		{2B8073C3-1FA8-4B05-B53C-CCD13264A1DF} = {2BFE826E-942D-4211-82D7-C54ABC2FBA2B}
		{2E71BFD5-0BF5-4607-9A39-BD1A372FB8AC} = {2B8073C3-1FA8-4B05-B53C-CCD13264A1DF}
	EndGlobalSection
	GlobalSection(ExtensibilityGlobals) = postSolution
		SolutionGuid = {103D1A73-9C30-4CE7-9DC8-143D8616054E}
	EndGlobalSection
EndGlobal
